
Microsoft Visual Studio Solution File, Format Version 12.00
# Visual Studio Version 17
VisualStudioVersion = 17.8.34601.278
MinimumVisualStudioVersion = 10.0.40219.1
Project("{8BC9CEB8-8B4A-11D0-8D11-00A0C91BC942}") = "SchakelBordV2", "SchakelBordV2.vcxproj", "{9FA5BB60-8670-4373-9001-42474701476C}"
EndProject
Project("{8BC9CEB8-8B4A-11D0-8D11-00A0C91BC942}") = "SmartLeds", "SmartLeds\SmartLeds.vcxproj", "{AF619485-BDD7-46B8-968D-82AFEC0FEBDB}"
EndProject
Global
	GlobalSection(SolutionConfigurationPlatforms) = preSolution
		Debug|ARM = Debug|ARM
		Debug|ARM64 = Debug|ARM64
		Debug|x64 = Debug|x64
		Debug|x86 = Debug|x86
		Release|ARM = Release|ARM
		Release|ARM64 = Release|ARM64
		Release|x64 = Release|x64
		Release|x86 = Release|x86
	EndGlobalSection
	GlobalSection(ProjectConfigurationPlatforms) = postSolution
		{9FA5BB60-8670-4373-9001-42474701476C}.Debug|ARM.ActiveCfg = Debug|ARM
		{9FA5BB60-8670-4373-9001-42474701476C}.Debug|ARM.Build.0 = Debug|ARM
		{9FA5BB60-8670-4373-9001-42474701476C}.Debug|ARM.Deploy.0 = Debug|ARM
		{9FA5BB60-8670-4373-9001-42474701476C}.Debug|ARM64.ActiveCfg = Debug|ARM64
		{9FA5BB60-8670-4373-9001-42474701476C}.Debug|ARM64.Build.0 = Debug|ARM64
		{9FA5BB60-8670-4373-9001-42474701476C}.Debug|ARM64.Deploy.0 = Debug|ARM64
		{9FA5BB60-8670-4373-9001-42474701476C}.Debug|x64.ActiveCfg = Debug|ARM
		{9FA5BB60-8670-4373-9001-42474701476C}.Debug|x64.Build.0 = Debug|ARM
		{9FA5BB60-8670-4373-9001-42474701476C}.Debug|x64.Deploy.0 = Debug|ARM
		{9FA5BB60-8670-4373-9001-42474701476C}.Debug|x86.ActiveCfg = Debug|ARM
		{9FA5BB60-8670-4373-9001-42474701476C}.Debug|x86.Build.0 = Debug|ARM
		{9FA5BB60-8670-4373-9001-42474701476C}.Debug|x86.Deploy.0 = Debug|ARM
		{9FA5BB60-8670-4373-9001-42474701476C}.Release|ARM.ActiveCfg = Release|ARM
		{9FA5BB60-8670-4373-9001-42474701476C}.Release|ARM.Build.0 = Release|ARM
		{9FA5BB60-8670-4373-9001-42474701476C}.Release|ARM.Deploy.0 = Release|ARM
		{9FA5BB60-8670-4373-9001-42474701476C}.Release|ARM64.ActiveCfg = Release|ARM64
		{9FA5BB60-8670-4373-9001-42474701476C}.Release|ARM64.Build.0 = Release|ARM64
		{9FA5BB60-8670-4373-9001-42474701476C}.Release|ARM64.Deploy.0 = Release|ARM64
		{9FA5BB60-8670-4373-9001-42474701476C}.Release|x64.ActiveCfg = Release|ARM
		{9FA5BB60-8670-4373-9001-42474701476C}.Release|x64.Build.0 = Release|ARM
		{9FA5BB60-8670-4373-9001-42474701476C}.Release|x64.Deploy.0 = Release|ARM
		{9FA5BB60-8670-4373-9001-42474701476C}.Release|x86.ActiveCfg = Release|ARM
		{9FA5BB60-8670-4373-9001-42474701476C}.Release|x86.Build.0 = Release|ARM
		{9FA5BB60-8670-4373-9001-42474701476C}.Release|x86.Deploy.0 = Release|ARM
		{AF619485-BDD7-46B8-968D-82AFEC0FEBDB}.Debug|ARM.ActiveCfg = Debug|ARM
		{AF619485-BDD7-46B8-968D-82AFEC0FEBDB}.Debug|ARM.Build.0 = Debug|ARM
		{AF619485-BDD7-46B8-968D-82AFEC0FEBDB}.Debug|ARM.Deploy.0 = Debug|ARM
		{AF619485-BDD7-46B8-968D-82AFEC0FEBDB}.Debug|ARM64.ActiveCfg = Debug|ARM64
		{AF619485-BDD7-46B8-968D-82AFEC0FEBDB}.Debug|ARM64.Build.0 = Debug|ARM64
		{AF619485-BDD7-46B8-968D-82AFEC0FEBDB}.Debug|ARM64.Deploy.0 = Debug|ARM64
		{AF619485-BDD7-46B8-968D-82AFEC0FEBDB}.Debug|x64.ActiveCfg = Debug|x64
		{AF619485-BDD7-46B8-968D-82AFEC0FEBDB}.Debug|x64.Build.0 = Debug|x64
		{AF619485-BDD7-46B8-968D-82AFEC0FEBDB}.Debug|x64.Deploy.0 = Debug|x64
		{AF619485-BDD7-46B8-968D-82AFEC0FEBDB}.Debug|x86.ActiveCfg = Debug|x86
		{AF619485-BDD7-46B8-968D-82AFEC0FEBDB}.Debug|x86.Build.0 = Debug|x86
		{AF619485-BDD7-46B8-968D-82AFEC0FEBDB}.Debug|x86.Deploy.0 = Debug|x86
		{AF619485-BDD7-46B8-968D-82AFEC0FEBDB}.Release|ARM.ActiveCfg = Release|ARM
		{AF619485-BDD7-46B8-968D-82AFEC0FEBDB}.Release|ARM.Build.0 = Release|ARM
		{AF619485-BDD7-46B8-968D-82AFEC0FEBDB}.Release|ARM.Deploy.0 = Release|ARM
		{AF619485-BDD7-46B8-968D-82AFEC0FEBDB}.Release|ARM64.ActiveCfg = Release|ARM64
		{AF619485-BDD7-46B8-968D-82AFEC0FEBDB}.Release|ARM64.Build.0 = Release|ARM64
		{AF619485-BDD7-46B8-968D-82AFEC0FEBDB}.Release|ARM64.Deploy.0 = Release|ARM64
		{AF619485-BDD7-46B8-968D-82AFEC0FEBDB}.Release|x64.ActiveCfg = Release|x64
		{AF619485-BDD7-46B8-968D-82AFEC0FEBDB}.Release|x64.Build.0 = Release|x64
		{AF619485-BDD7-46B8-968D-82AFEC0FEBDB}.Release|x64.Deploy.0 = Release|x64
		{AF619485-BDD7-46B8-968D-82AFEC0FEBDB}.Release|x86.ActiveCfg = Release|x86
		{AF619485-BDD7-46B8-968D-82AFEC0FEBDB}.Release|x86.Build.0 = Release|x86
		{AF619485-BDD7-46B8-968D-82AFEC0FEBDB}.Release|x86.Deploy.0 = Release|x86
	EndGlobalSection
	GlobalSection(SolutionProperties) = preSolution
		HideSolutionNode = FALSE
	EndGlobalSection
	GlobalSection(ExtensibilityGlobals) = postSolution
		SolutionGuid = {D39811E5-AB92-4C2B-8BCE-9CA37B5F45AA}
	EndGlobalSection
EndGlobal
